
Microsoft Visual Studio Solution File, Format Version 12.00
# Visual Studio Version 17
VisualStudioVersion = 17.4.33110.190
MinimumVisualStudioVersion = 10.0.40219.1
Project("{FAE04EC0-301F-11D3-BF4B-00C04F79EFBC}") = "Randomizer", "Randomizer\Randomizer.csproj", "{ACEE2F4E-FB37-42FD-AB26-3FC306F23879}"
EndProject
Global
	GlobalSection(SolutionConfigurationPlatforms) = preSolution
		Debug|Any CPU = Debug|Any CPU
		Release|Any CPU = Release|Any CPU
	EndGlobalSection
	GlobalSection(ProjectConfigurationPlatforms) = postSolution
		{ACEE2F4E-FB37-42FD-AB26-3FC306F23879}.Debug|Any CPU.ActiveCfg = Debug|Any CPU
		{ACEE2F4E-FB37-42FD-AB26-3FC306F23879}.Debug|Any CPU.Build.0 = Debug|Any CPU
		{ACEE2F4E-FB37-42FD-AB26-3FC306F23879}.Release|Any CPU.ActiveCfg = Release|Any CPU
		{ACEE2F4E-FB37-42FD-AB26-3FC306F23879}.Release|Any CPU.Build.0 = Release|Any CPU
	EndGlobalSection
	GlobalSection(SolutionProperties) = preSolution
		HideSolutionNode = FALSE
	EndGlobalSection
	GlobalSection(ExtensibilityGlobals) = postSolution
		SolutionGuid = {3E6E6637-1F4F-4EBC-9627-378619BA05D7}
	EndGlobalSection
EndGlobal
